
Microsoft Visual Studio Solution File, Format Version 12.00
# Visual Studio Version 17
VisualStudioVersion = 17.0.31903.59
MinimumVisualStudioVersion = 10.0.40219.1
Project("{2150E333-8FDC-42A3-9474-1A3956D46DE8}") = "src", "src", "{DF875490-9E02-4ED2-9818-7A13286CB556}"
EndProject
Project("{2150E333-8FDC-42A3-9474-1A3956D46DE8}") = "1.Service", "1.Service", "{F8809C2D-3A8C-4D9A-9509-A113DCE3937D}"
EndProject
Project("{2150E333-8FDC-42A3-9474-1A3956D46DE8}") = "2.Business", "2.Business", "{7BEE8452-D012-4CFA-8C14-D8C98B4EE723}"
EndProject
Project("{2150E333-8FDC-42A3-9474-1A3956D46DE8}") = "3.Infrastructure", "3.Infrastructure", "{8B4D66D6-C100-4F99-BB98-9B0398DCC558}"
EndProject
Project("{2150E333-8FDC-42A3-9474-1A3956D46DE8}") = "4.Core", "4.Core", "{6E9AF53A-A9CB-451C-8A4E-7EB98E2BA00B}"
EndProject
Project("{FAE04EC0-301F-11D3-BF4B-00C04F79EFBC}") = "Pwc.API", "Pwc.API\Pwc.API.csproj", "{0BA020E0-B4D3-48F8-B039-95055941CF07}"
EndProject
Project("{FAE04EC0-301F-11D3-BF4B-00C04F79EFBC}") = "Pwc.Clients", "Pwc.Clients\Pwc.Clients.csproj", "{52ACEE5B-FC48-4FA7-B440-BE0F51245587}"
EndProject
Project("{FAE04EC0-301F-11D3-BF4B-00C04F79EFBC}") = "Pwc.Data", "Pwc.Data\Pwc.Data.csproj", "{FFCED222-3642-4072-9389-A5653EED923D}"
EndProject
Project("{FAE04EC0-301F-11D3-BF4B-00C04F79EFBC}") = "Pwc.Domain", "Pwc.Domain\Pwc.Domain.csproj", "{5231008E-7AE3-435F-B459-BE6A155F4349}"
EndProject
Global
	GlobalSection(SolutionConfigurationPlatforms) = preSolution
		Debug|Any CPU = Debug|Any CPU
		Release|Any CPU = Release|Any CPU
	EndGlobalSection
	GlobalSection(ProjectConfigurationPlatforms) = postSolution
		{0BA020E0-B4D3-48F8-B039-95055941CF07}.Debug|Any CPU.ActiveCfg = Debug|Any CPU
		{0BA020E0-B4D3-48F8-B039-95055941CF07}.Debug|Any CPU.Build.0 = Debug|Any CPU
		{0BA020E0-B4D3-48F8-B039-95055941CF07}.Release|Any CPU.ActiveCfg = Release|Any CPU
		{0BA020E0-B4D3-48F8-B039-95055941CF07}.Release|Any CPU.Build.0 = Release|Any CPU
		{52ACEE5B-FC48-4FA7-B440-BE0F51245587}.Debug|Any CPU.ActiveCfg = Debug|Any CPU
		{52ACEE5B-FC48-4FA7-B440-BE0F51245587}.Debug|Any CPU.Build.0 = Debug|Any CPU
		{52ACEE5B-FC48-4FA7-B440-BE0F51245587}.Release|Any CPU.ActiveCfg = Release|Any CPU
		{52ACEE5B-FC48-4FA7-B440-BE0F51245587}.Release|Any CPU.Build.0 = Release|Any CPU
		{FFCED222-3642-4072-9389-A5653EED923D}.Debug|Any CPU.ActiveCfg = Debug|Any CPU
		{FFCED222-3642-4072-9389-A5653EED923D}.Debug|Any CPU.Build.0 = Debug|Any CPU
		{FFCED222-3642-4072-9389-A5653EED923D}.Release|Any CPU.ActiveCfg = Release|Any CPU
		{FFCED222-3642-4072-9389-A5653EED923D}.Release|Any CPU.Build.0 = Release|Any CPU
		{5231008E-7AE3-435F-B459-BE6A155F4349}.Debug|Any CPU.ActiveCfg = Debug|Any CPU
		{5231008E-7AE3-435F-B459-BE6A155F4349}.Debug|Any CPU.Build.0 = Debug|Any CPU
		{5231008E-7AE3-435F-B459-BE6A155F4349}.Release|Any CPU.ActiveCfg = Release|Any CPU
		{5231008E-7AE3-435F-B459-BE6A155F4349}.Release|Any CPU.Build.0 = Release|Any CPU
	EndGlobalSection
	GlobalSection(SolutionProperties) = preSolution
		HideSolutionNode = FALSE
	EndGlobalSection
	GlobalSection(NestedProjects) = preSolution
		{F8809C2D-3A8C-4D9A-9509-A113DCE3937D} = {DF875490-9E02-4ED2-9818-7A13286CB556}
		{7BEE8452-D012-4CFA-8C14-D8C98B4EE723} = {DF875490-9E02-4ED2-9818-7A13286CB556}
		{8B4D66D6-C100-4F99-BB98-9B0398DCC558} = {DF875490-9E02-4ED2-9818-7A13286CB556}
		{6E9AF53A-A9CB-451C-8A4E-7EB98E2BA00B} = {DF875490-9E02-4ED2-9818-7A13286CB556}
		{0BA020E0-B4D3-48F8-B039-95055941CF07} = {F8809C2D-3A8C-4D9A-9509-A113DCE3937D}
		{52ACEE5B-FC48-4FA7-B440-BE0F51245587} = {7BEE8452-D012-4CFA-8C14-D8C98B4EE723}
		{FFCED222-3642-4072-9389-A5653EED923D} = {8B4D66D6-C100-4F99-BB98-9B0398DCC558}
		{5231008E-7AE3-435F-B459-BE6A155F4349} = {6E9AF53A-A9CB-451C-8A4E-7EB98E2BA00B}
	EndGlobalSection
	GlobalSection(ExtensibilityGlobals) = postSolution
		SolutionGuid = {6C84A168-3CF5-4C10-BBC3-A36FA0E3D629}
	EndGlobalSection
EndGlobal
